
Microsoft Visual Studio Solution File, Format Version 12.00
# Visual Studio Version 16
VisualStudioVersion = 16.0.30907.101
MinimumVisualStudioVersion = 10.0.40219.1
Project("{FAE04EC0-301F-11D3-BF4B-00C04F79EFBC}") = "ForeachTestApp", "ForeachTestApp\ForeachTestApp.csproj", "{AC786AF2-A915-4648-8ECD-B4017652E35A}"
EndProject
Global
	GlobalSection(SolutionConfigurationPlatforms) = preSolution
		Debug|Any CPU = Debug|Any CPU
		Release|Any CPU = Release|Any CPU
	EndGlobalSection
	GlobalSection(ProjectConfigurationPlatforms) = postSolution
		{AC786AF2-A915-4648-8ECD-B4017652E35A}.Debug|Any CPU.ActiveCfg = Debug|Any CPU
		{AC786AF2-A915-4648-8ECD-B4017652E35A}.Debug|Any CPU.Build.0 = Debug|Any CPU
		{AC786AF2-A915-4648-8ECD-B4017652E35A}.Release|Any CPU.ActiveCfg = Release|Any CPU
		{AC786AF2-A915-4648-8ECD-B4017652E35A}.Release|Any CPU.Build.0 = Release|Any CPU
	EndGlobalSection
	GlobalSection(SolutionProperties) = preSolution
		HideSolutionNode = FALSE
	EndGlobalSection
	GlobalSection(ExtensibilityGlobals) = postSolution
		SolutionGuid = {B114E6DA-2CA9-4062-B260-B963178B62B8}
	EndGlobalSection
EndGlobal
