
Microsoft Visual Studio Solution File, Format Version 12.00
# Visual Studio Version 16
VisualStudioVersion = 16.0.31019.35
MinimumVisualStudioVersion = 10.0.40219.1
Project("{FAE04EC0-301F-11D3-BF4B-00C04F79EFBC}") = "TryCatchFinallyApp", "TryCatchFinallyApp\TryCatchFinallyApp.csproj", "{A6D8E68C-87D1-44CF-A077-3FE4BF69B908}"
EndProject
Global
	GlobalSection(SolutionConfigurationPlatforms) = preSolution
		Debug|Any CPU = Debug|Any CPU
		Release|Any CPU = Release|Any CPU
	EndGlobalSection
	GlobalSection(ProjectConfigurationPlatforms) = postSolution
		{A6D8E68C-87D1-44CF-A077-3FE4BF69B908}.Debug|Any CPU.ActiveCfg = Debug|Any CPU
		{A6D8E68C-87D1-44CF-A077-3FE4BF69B908}.Debug|Any CPU.Build.0 = Debug|Any CPU
		{A6D8E68C-87D1-44CF-A077-3FE4BF69B908}.Release|Any CPU.ActiveCfg = Release|Any CPU
		{A6D8E68C-87D1-44CF-A077-3FE4BF69B908}.Release|Any CPU.Build.0 = Release|Any CPU
	EndGlobalSection
	GlobalSection(SolutionProperties) = preSolution
		HideSolutionNode = FALSE
	EndGlobalSection
	GlobalSection(ExtensibilityGlobals) = postSolution
		SolutionGuid = {992DD5C2-898F-40CB-AAC6-804E33712FE1}
	EndGlobalSection
EndGlobal
