
Microsoft Visual Studio Solution File, Format Version 12.00
# Visual Studio Version 16
VisualStudioVersion = 16.0.30907.101
MinimumVisualStudioVersion = 10.0.40219.1
Project("{FAE04EC0-301F-11D3-BF4B-00C04F79EFBC}") = "Chap08App", "Chap08App\Chap08App.csproj", "{D3E94F0B-1641-4B69-8863-A71C2A4D497B}"
EndProject
Project("{FAE04EC0-301F-11D3-BF4B-00C04F79EFBC}") = "MultiInterfaceApp", "MultiInterfaceApp\MultiInterfaceApp.csproj", "{3EA6BCE5-9993-4C9E-B4F8-AB1B24BF920E}"
EndProject
Project("{FAE04EC0-301F-11D3-BF4B-00C04F79EFBC}") = "PropertTestApp", "..\..\chap09\PropertTestApp\PropertTestApp.csproj", "{AA41476D-4F8D-4E48-A3BC-2885EFB286E4}"
EndProject
Project("{FAE04EC0-301F-11D3-BF4B-00C04F79EFBC}") = "Chap09App", "..\..\chap09\Chap09App\Chap09App.csproj", "{283B8314-3920-48A7-BB98-D9A2547957D3}"
EndProject
Global
	GlobalSection(SolutionConfigurationPlatforms) = preSolution
		Debug|Any CPU = Debug|Any CPU
		Release|Any CPU = Release|Any CPU
	EndGlobalSection
	GlobalSection(ProjectConfigurationPlatforms) = postSolution
		{D3E94F0B-1641-4B69-8863-A71C2A4D497B}.Debug|Any CPU.ActiveCfg = Debug|Any CPU
		{D3E94F0B-1641-4B69-8863-A71C2A4D497B}.Debug|Any CPU.Build.0 = Debug|Any CPU
		{D3E94F0B-1641-4B69-8863-A71C2A4D497B}.Release|Any CPU.ActiveCfg = Release|Any CPU
		{D3E94F0B-1641-4B69-8863-A71C2A4D497B}.Release|Any CPU.Build.0 = Release|Any CPU
		{3EA6BCE5-9993-4C9E-B4F8-AB1B24BF920E}.Debug|Any CPU.ActiveCfg = Debug|Any CPU
		{3EA6BCE5-9993-4C9E-B4F8-AB1B24BF920E}.Debug|Any CPU.Build.0 = Debug|Any CPU
		{3EA6BCE5-9993-4C9E-B4F8-AB1B24BF920E}.Release|Any CPU.ActiveCfg = Release|Any CPU
		{3EA6BCE5-9993-4C9E-B4F8-AB1B24BF920E}.Release|Any CPU.Build.0 = Release|Any CPU
		{AA41476D-4F8D-4E48-A3BC-2885EFB286E4}.Debug|Any CPU.ActiveCfg = Debug|Any CPU
		{AA41476D-4F8D-4E48-A3BC-2885EFB286E4}.Debug|Any CPU.Build.0 = Debug|Any CPU
		{AA41476D-4F8D-4E48-A3BC-2885EFB286E4}.Release|Any CPU.ActiveCfg = Release|Any CPU
		{AA41476D-4F8D-4E48-A3BC-2885EFB286E4}.Release|Any CPU.Build.0 = Release|Any CPU
		{283B8314-3920-48A7-BB98-D9A2547957D3}.Debug|Any CPU.ActiveCfg = Debug|Any CPU
		{283B8314-3920-48A7-BB98-D9A2547957D3}.Debug|Any CPU.Build.0 = Debug|Any CPU
		{283B8314-3920-48A7-BB98-D9A2547957D3}.Release|Any CPU.ActiveCfg = Release|Any CPU
		{283B8314-3920-48A7-BB98-D9A2547957D3}.Release|Any CPU.Build.0 = Release|Any CPU
	EndGlobalSection
	GlobalSection(SolutionProperties) = preSolution
		HideSolutionNode = FALSE
	EndGlobalSection
	GlobalSection(ExtensibilityGlobals) = postSolution
		SolutionGuid = {4B1312E7-A2D5-42A6-BC7F-4A27356F8AE2}
	EndGlobalSection
EndGlobal
