
Microsoft Visual Studio Solution File, Format Version 12.00
# Visual Studio Version 16
VisualStudioVersion = 16.0.30907.101
MinimumVisualStudioVersion = 10.0.40219.1
Project("{FAE04EC0-301F-11D3-BF4B-00C04F79EFBC}") = "Chap06App", "Chap06App\Chap06App.csproj", "{6A88BE54-495A-4EB8-A8AA-C75DD56A6E43}"
EndProject
Global
	GlobalSection(SolutionConfigurationPlatforms) = preSolution
		Debug|Any CPU = Debug|Any CPU
		Release|Any CPU = Release|Any CPU
	EndGlobalSection
	GlobalSection(ProjectConfigurationPlatforms) = postSolution
		{6A88BE54-495A-4EB8-A8AA-C75DD56A6E43}.Debug|Any CPU.ActiveCfg = Debug|Any CPU
		{6A88BE54-495A-4EB8-A8AA-C75DD56A6E43}.Debug|Any CPU.Build.0 = Debug|Any CPU
		{6A88BE54-495A-4EB8-A8AA-C75DD56A6E43}.Release|Any CPU.ActiveCfg = Release|Any CPU
		{6A88BE54-495A-4EB8-A8AA-C75DD56A6E43}.Release|Any CPU.Build.0 = Release|Any CPU
	EndGlobalSection
	GlobalSection(SolutionProperties) = preSolution
		HideSolutionNode = FALSE
	EndGlobalSection
	GlobalSection(ExtensibilityGlobals) = postSolution
		SolutionGuid = {02639103-E857-4838-9F36-202808BC06FF}
	EndGlobalSection
EndGlobal
